
Microsoft Visual Studio Solution File, Format Version 12.00
# Visual Studio Version 16
VisualStudioVersion = 16.0.29503.13
MinimumVisualStudioVersion = 10.0.40219.1
Project("{FAE04EC0-301F-11D3-BF4B-00C04F79EFBC}") = "Smart Heating System", "Smart Heating System\Smart Heating System.csproj", "{EB88339A-67A5-431B-A2CC-A5CF68E7A898}"
EndProject
Global
	GlobalSection(SolutionConfigurationPlatforms) = preSolution
		Debug|Any CPU = Debug|Any CPU
		Release|Any CPU = Release|Any CPU
	EndGlobalSection
	GlobalSection(ProjectConfigurationPlatforms) = postSolution
		{EB88339A-67A5-431B-A2CC-A5CF68E7A898}.Debug|Any CPU.ActiveCfg = Debug|Any CPU
		{EB88339A-67A5-431B-A2CC-A5CF68E7A898}.Debug|Any CPU.Build.0 = Debug|Any CPU
		{EB88339A-67A5-431B-A2CC-A5CF68E7A898}.Release|Any CPU.ActiveCfg = Release|Any CPU
		{EB88339A-67A5-431B-A2CC-A5CF68E7A898}.Release|Any CPU.Build.0 = Release|Any CPU
	EndGlobalSection
	GlobalSection(SolutionProperties) = preSolution
		HideSolutionNode = FALSE
	EndGlobalSection
	GlobalSection(ExtensibilityGlobals) = postSolution
		SolutionGuid = {0D65C12E-3DA7-406C-A0FA-D7A64E0F0AE6}
	EndGlobalSection
EndGlobal
